
Microsoft Visual Studio Solution File, Format Version 12.00
# Visual Studio 14
VisualStudioVersion = 14.0.24720.0
MinimumVisualStudioVersion = 10.0.40219.1
Project("{FAE04EC0-301F-11D3-BF4B-00C04F79EFBC}") = "QASystem.Core", "QASystem.Core\QASystem.Core.csproj", "{BC225047-AEB8-4852-966C-C09DC59F728B}"
EndProject
Project("{FAE04EC0-301F-11D3-BF4B-00C04F79EFBC}") = "QASystem.Data", "QASystem.Data\QASystem.Data.csproj", "{126DC767-7BB7-4095-80FA-D85AC6BC3722}"
EndProject
Project("{2150E333-8FDC-42A3-9474-1A3956D46DE8}") = "Libraries", "Libraries", "{BF6627CA-E920-4E42-B5E8-B1A60BCB34F1}"
EndProject
Project("{2150E333-8FDC-42A3-9474-1A3956D46DE8}") = "Prensentation", "Prensentation", "{362FAFB1-650D-4456-B8A9-710C8F3643D3}"
EndProject
Project("{FAE04EC0-301F-11D3-BF4B-00C04F79EFBC}") = "QASystem.Web", "QASystem.Web\QASystem.Web.csproj", "{FF8C3F1A-04A9-4775-A356-4D9E5BB1ADE8}"
EndProject
Project("{2150E333-8FDC-42A3-9474-1A3956D46DE8}") = "Tests", "Tests", "{2C61DEE9-FD00-482D-B6FC-0BB4DAF8A20E}"
EndProject
Project("{FAE04EC0-301F-11D3-BF4B-00C04F79EFBC}") = "QASystem.Service", "QASystem.Service\QASystem.Service.csproj", "{A15498F6-6CB7-41AF-8549-073BE6C1B530}"
EndProject
Project("{FAE04EC0-301F-11D3-BF4B-00C04F79EFBC}") = "QASystem.ServiceTests", "QASystem.ServiceTests\QASystem.ServiceTests.csproj", "{4BD9D940-0FD9-471A-A0E4-0AD9B061BBE7}"
EndProject
Global
	GlobalSection(SolutionConfigurationPlatforms) = preSolution
		Debug|Any CPU = Debug|Any CPU
		Release|Any CPU = Release|Any CPU
	EndGlobalSection
	GlobalSection(ProjectConfigurationPlatforms) = postSolution
		{BC225047-AEB8-4852-966C-C09DC59F728B}.Debug|Any CPU.ActiveCfg = Debug|Any CPU
		{BC225047-AEB8-4852-966C-C09DC59F728B}.Debug|Any CPU.Build.0 = Debug|Any CPU
		{BC225047-AEB8-4852-966C-C09DC59F728B}.Release|Any CPU.ActiveCfg = Release|Any CPU
		{BC225047-AEB8-4852-966C-C09DC59F728B}.Release|Any CPU.Build.0 = Release|Any CPU
		{126DC767-7BB7-4095-80FA-D85AC6BC3722}.Debug|Any CPU.ActiveCfg = Debug|Any CPU
		{126DC767-7BB7-4095-80FA-D85AC6BC3722}.Debug|Any CPU.Build.0 = Debug|Any CPU
		{126DC767-7BB7-4095-80FA-D85AC6BC3722}.Release|Any CPU.ActiveCfg = Release|Any CPU
		{126DC767-7BB7-4095-80FA-D85AC6BC3722}.Release|Any CPU.Build.0 = Release|Any CPU
		{FF8C3F1A-04A9-4775-A356-4D9E5BB1ADE8}.Debug|Any CPU.ActiveCfg = Debug|Any CPU
		{FF8C3F1A-04A9-4775-A356-4D9E5BB1ADE8}.Debug|Any CPU.Build.0 = Debug|Any CPU
		{FF8C3F1A-04A9-4775-A356-4D9E5BB1ADE8}.Release|Any CPU.ActiveCfg = Release|Any CPU
		{FF8C3F1A-04A9-4775-A356-4D9E5BB1ADE8}.Release|Any CPU.Build.0 = Release|Any CPU
		{A15498F6-6CB7-41AF-8549-073BE6C1B530}.Debug|Any CPU.ActiveCfg = Debug|Any CPU
		{A15498F6-6CB7-41AF-8549-073BE6C1B530}.Debug|Any CPU.Build.0 = Debug|Any CPU
		{A15498F6-6CB7-41AF-8549-073BE6C1B530}.Release|Any CPU.ActiveCfg = Release|Any CPU
		{A15498F6-6CB7-41AF-8549-073BE6C1B530}.Release|Any CPU.Build.0 = Release|Any CPU
		{4BD9D940-0FD9-471A-A0E4-0AD9B061BBE7}.Debug|Any CPU.ActiveCfg = Debug|Any CPU
		{4BD9D940-0FD9-471A-A0E4-0AD9B061BBE7}.Debug|Any CPU.Build.0 = Debug|Any CPU
		{4BD9D940-0FD9-471A-A0E4-0AD9B061BBE7}.Release|Any CPU.ActiveCfg = Release|Any CPU
		{4BD9D940-0FD9-471A-A0E4-0AD9B061BBE7}.Release|Any CPU.Build.0 = Release|Any CPU
	EndGlobalSection
	GlobalSection(SolutionProperties) = preSolution
		HideSolutionNode = FALSE
	EndGlobalSection
	GlobalSection(NestedProjects) = preSolution
		{BC225047-AEB8-4852-966C-C09DC59F728B} = {BF6627CA-E920-4E42-B5E8-B1A60BCB34F1}
		{126DC767-7BB7-4095-80FA-D85AC6BC3722} = {BF6627CA-E920-4E42-B5E8-B1A60BCB34F1}
		{FF8C3F1A-04A9-4775-A356-4D9E5BB1ADE8} = {362FAFB1-650D-4456-B8A9-710C8F3643D3}
		{A15498F6-6CB7-41AF-8549-073BE6C1B530} = {BF6627CA-E920-4E42-B5E8-B1A60BCB34F1}
		{4BD9D940-0FD9-471A-A0E4-0AD9B061BBE7} = {2C61DEE9-FD00-482D-B6FC-0BB4DAF8A20E}
	EndGlobalSection
EndGlobal
